
Microsoft Visual Studio Solution File, Format Version 12.00
# Visual Studio Version 17
VisualStudioVersion = 17.3.32901.215
MinimumVisualStudioVersion = 10.0.40219.1
Project("{8BC9CEB8-8B4A-11D0-8D11-00A0C91BC942}") = "6", "6.vcxproj", "{CC580D65-B9D0-4AD8-8685-DF2ABEC36F5C}"
EndProject
Global
	GlobalSection(SolutionConfigurationPlatforms) = preSolution
		Debug|x64 = Debug|x64
		Debug|x86 = Debug|x86
		Release|x64 = Release|x64
		Release|x86 = Release|x86
	EndGlobalSection
	GlobalSection(ProjectConfigurationPlatforms) = postSolution
		{CC580D65-B9D0-4AD8-8685-DF2ABEC36F5C}.Debug|x64.ActiveCfg = Debug|x64
		{CC580D65-B9D0-4AD8-8685-DF2ABEC36F5C}.Debug|x64.Build.0 = Debug|x64
		{CC580D65-B9D0-4AD8-8685-DF2ABEC36F5C}.Debug|x86.ActiveCfg = Debug|Win32
		{CC580D65-B9D0-4AD8-8685-DF2ABEC36F5C}.Debug|x86.Build.0 = Debug|Win32
		{CC580D65-B9D0-4AD8-8685-DF2ABEC36F5C}.Release|x64.ActiveCfg = Release|x64
		{CC580D65-B9D0-4AD8-8685-DF2ABEC36F5C}.Release|x64.Build.0 = Release|x64
		{CC580D65-B9D0-4AD8-8685-DF2ABEC36F5C}.Release|x86.ActiveCfg = Release|Win32
		{CC580D65-B9D0-4AD8-8685-DF2ABEC36F5C}.Release|x86.Build.0 = Release|Win32
	EndGlobalSection
	GlobalSection(SolutionProperties) = preSolution
		HideSolutionNode = FALSE
	EndGlobalSection
	GlobalSection(ExtensibilityGlobals) = postSolution
		SolutionGuid = {00D7710A-9842-4E1D-9E4B-84D6AEDDAA9A}
	EndGlobalSection
EndGlobal
