
Microsoft Visual Studio Solution File, Format Version 12.00
# Visual Studio Version 17
VisualStudioVersion = 17.3.32901.215
MinimumVisualStudioVersion = 10.0.40219.1
Project("{8BC9CEB8-8B4A-11D0-8D11-00A0C91BC942}") = "2", "2.vcxproj", "{6BAD08C5-C8CB-422B-B913-4CAAB58C2B46}"
EndProject
Global
	GlobalSection(SolutionConfigurationPlatforms) = preSolution
		Debug|x64 = Debug|x64
		Debug|x86 = Debug|x86
		Release|x64 = Release|x64
		Release|x86 = Release|x86
	EndGlobalSection
	GlobalSection(ProjectConfigurationPlatforms) = postSolution
		{6BAD08C5-C8CB-422B-B913-4CAAB58C2B46}.Debug|x64.ActiveCfg = Debug|x64
		{6BAD08C5-C8CB-422B-B913-4CAAB58C2B46}.Debug|x64.Build.0 = Debug|x64
		{6BAD08C5-C8CB-422B-B913-4CAAB58C2B46}.Debug|x86.ActiveCfg = Debug|Win32
		{6BAD08C5-C8CB-422B-B913-4CAAB58C2B46}.Debug|x86.Build.0 = Debug|Win32
		{6BAD08C5-C8CB-422B-B913-4CAAB58C2B46}.Release|x64.ActiveCfg = Release|x64
		{6BAD08C5-C8CB-422B-B913-4CAAB58C2B46}.Release|x64.Build.0 = Release|x64
		{6BAD08C5-C8CB-422B-B913-4CAAB58C2B46}.Release|x86.ActiveCfg = Release|Win32
		{6BAD08C5-C8CB-422B-B913-4CAAB58C2B46}.Release|x86.Build.0 = Release|Win32
	EndGlobalSection
	GlobalSection(SolutionProperties) = preSolution
		HideSolutionNode = FALSE
	EndGlobalSection
	GlobalSection(ExtensibilityGlobals) = postSolution
		SolutionGuid = {D72F14F9-7B5E-4ECE-802A-3BA03FF52641}
	EndGlobalSection
EndGlobal
