
Microsoft Visual Studio Solution File, Format Version 12.00
# Visual Studio Version 17
VisualStudioVersion = 17.3.32901.215
MinimumVisualStudioVersion = 10.0.40219.1
Project("{8BC9CEB8-8B4A-11D0-8D11-00A0C91BC942}") = "6", "6.vcxproj", "{5C39C510-66C5-4B81-863F-BF83F4FEB2DB}"
EndProject
Project("{2150E333-8FDC-42A3-9474-1A3956D46DE8}") = "Элементы решения", "Элементы решения", "{EC3E9006-868B-4043-94FF-BABFEA9612CE}"
	ProjectSection(SolutionItems) = preProject
		input.txt = input.txt
		output.txt = output.txt
	EndProjectSection
EndProject
Global
	GlobalSection(SolutionConfigurationPlatforms) = preSolution
		Debug|x64 = Debug|x64
		Debug|x86 = Debug|x86
		Release|x64 = Release|x64
		Release|x86 = Release|x86
	EndGlobalSection
	GlobalSection(ProjectConfigurationPlatforms) = postSolution
		{5C39C510-66C5-4B81-863F-BF83F4FEB2DB}.Debug|x64.ActiveCfg = Debug|x64
		{5C39C510-66C5-4B81-863F-BF83F4FEB2DB}.Debug|x64.Build.0 = Debug|x64
		{5C39C510-66C5-4B81-863F-BF83F4FEB2DB}.Debug|x86.ActiveCfg = Debug|Win32
		{5C39C510-66C5-4B81-863F-BF83F4FEB2DB}.Debug|x86.Build.0 = Debug|Win32
		{5C39C510-66C5-4B81-863F-BF83F4FEB2DB}.Release|x64.ActiveCfg = Release|x64
		{5C39C510-66C5-4B81-863F-BF83F4FEB2DB}.Release|x64.Build.0 = Release|x64
		{5C39C510-66C5-4B81-863F-BF83F4FEB2DB}.Release|x86.ActiveCfg = Release|Win32
		{5C39C510-66C5-4B81-863F-BF83F4FEB2DB}.Release|x86.Build.0 = Release|Win32
	EndGlobalSection
	GlobalSection(SolutionProperties) = preSolution
		HideSolutionNode = FALSE
	EndGlobalSection
	GlobalSection(ExtensibilityGlobals) = postSolution
		SolutionGuid = {C5336350-F5D3-48B8-8CC3-52A0E4718FF5}
	EndGlobalSection
EndGlobal
