
Microsoft Visual Studio Solution File, Format Version 12.00
# Visual Studio Version 17
VisualStudioVersion = 17.3.32901.215
MinimumVisualStudioVersion = 10.0.40219.1
Project("{8BC9CEB8-8B4A-11D0-8D11-00A0C91BC942}") = "7", "7.vcxproj", "{935D9831-E2F1-4584-B2A3-3EEA1318F6EF}"
EndProject
Global
	GlobalSection(SolutionConfigurationPlatforms) = preSolution
		Debug|x64 = Debug|x64
		Debug|x86 = Debug|x86
		Release|x64 = Release|x64
		Release|x86 = Release|x86
	EndGlobalSection
	GlobalSection(ProjectConfigurationPlatforms) = postSolution
		{935D9831-E2F1-4584-B2A3-3EEA1318F6EF}.Debug|x64.ActiveCfg = Debug|x64
		{935D9831-E2F1-4584-B2A3-3EEA1318F6EF}.Debug|x64.Build.0 = Debug|x64
		{935D9831-E2F1-4584-B2A3-3EEA1318F6EF}.Debug|x86.ActiveCfg = Debug|Win32
		{935D9831-E2F1-4584-B2A3-3EEA1318F6EF}.Debug|x86.Build.0 = Debug|Win32
		{935D9831-E2F1-4584-B2A3-3EEA1318F6EF}.Release|x64.ActiveCfg = Release|x64
		{935D9831-E2F1-4584-B2A3-3EEA1318F6EF}.Release|x64.Build.0 = Release|x64
		{935D9831-E2F1-4584-B2A3-3EEA1318F6EF}.Release|x86.ActiveCfg = Release|Win32
		{935D9831-E2F1-4584-B2A3-3EEA1318F6EF}.Release|x86.Build.0 = Release|Win32
	EndGlobalSection
	GlobalSection(SolutionProperties) = preSolution
		HideSolutionNode = FALSE
	EndGlobalSection
	GlobalSection(ExtensibilityGlobals) = postSolution
		SolutionGuid = {08FF886D-CDA8-430B-A913-2159F7BA8D8E}
	EndGlobalSection
EndGlobal
