
Microsoft Visual Studio Solution File, Format Version 12.00
# Visual Studio Version 17
VisualStudioVersion = 17.3.32901.215
MinimumVisualStudioVersion = 10.0.40219.1
Project("{8BC9CEB8-8B4A-11D0-8D11-00A0C91BC942}") = "4", "4.vcxproj", "{E4B15DB7-DAD2-4F8B-ABC4-71D217CC985A}"
EndProject
Project("{2150E333-8FDC-42A3-9474-1A3956D46DE8}") = "Элементы решения", "Элементы решения", "{292505AC-4B94-48BF-ABD0-72F85E9DC02F}"
	ProjectSection(SolutionItems) = preProject
		input.txt = input.txt
		output.txt = output.txt
	EndProjectSection
EndProject
Global
	GlobalSection(SolutionConfigurationPlatforms) = preSolution
		Debug|x64 = Debug|x64
		Debug|x86 = Debug|x86
		Release|x64 = Release|x64
		Release|x86 = Release|x86
	EndGlobalSection
	GlobalSection(ProjectConfigurationPlatforms) = postSolution
		{E4B15DB7-DAD2-4F8B-ABC4-71D217CC985A}.Debug|x64.ActiveCfg = Debug|x64
		{E4B15DB7-DAD2-4F8B-ABC4-71D217CC985A}.Debug|x64.Build.0 = Debug|x64
		{E4B15DB7-DAD2-4F8B-ABC4-71D217CC985A}.Debug|x86.ActiveCfg = Debug|Win32
		{E4B15DB7-DAD2-4F8B-ABC4-71D217CC985A}.Debug|x86.Build.0 = Debug|Win32
		{E4B15DB7-DAD2-4F8B-ABC4-71D217CC985A}.Release|x64.ActiveCfg = Release|x64
		{E4B15DB7-DAD2-4F8B-ABC4-71D217CC985A}.Release|x64.Build.0 = Release|x64
		{E4B15DB7-DAD2-4F8B-ABC4-71D217CC985A}.Release|x86.ActiveCfg = Release|Win32
		{E4B15DB7-DAD2-4F8B-ABC4-71D217CC985A}.Release|x86.Build.0 = Release|Win32
	EndGlobalSection
	GlobalSection(SolutionProperties) = preSolution
		HideSolutionNode = FALSE
	EndGlobalSection
	GlobalSection(ExtensibilityGlobals) = postSolution
		SolutionGuid = {8A320E3D-7248-4695-B19D-EBB0A4FA7693}
	EndGlobalSection
EndGlobal
