
Microsoft Visual Studio Solution File, Format Version 12.00
# Visual Studio Version 17
VisualStudioVersion = 17.3.32901.215
MinimumVisualStudioVersion = 10.0.40219.1
Project("{8BC9CEB8-8B4A-11D0-8D11-00A0C91BC942}") = "3", "3.vcxproj", "{D814F44D-ECB1-478F-916E-F1822A0612DD}"
EndProject
Project("{2150E333-8FDC-42A3-9474-1A3956D46DE8}") = "Элементы решения", "Элементы решения", "{B113D3AF-8D47-4758-A96C-E177301E15F3}"
	ProjectSection(SolutionItems) = preProject
		input.txt = input.txt
		output.txt = output.txt
	EndProjectSection
EndProject
Global
	GlobalSection(SolutionConfigurationPlatforms) = preSolution
		Debug|x64 = Debug|x64
		Debug|x86 = Debug|x86
		Release|x64 = Release|x64
		Release|x86 = Release|x86
	EndGlobalSection
	GlobalSection(ProjectConfigurationPlatforms) = postSolution
		{D814F44D-ECB1-478F-916E-F1822A0612DD}.Debug|x64.ActiveCfg = Debug|x64
		{D814F44D-ECB1-478F-916E-F1822A0612DD}.Debug|x64.Build.0 = Debug|x64
		{D814F44D-ECB1-478F-916E-F1822A0612DD}.Debug|x86.ActiveCfg = Debug|Win32
		{D814F44D-ECB1-478F-916E-F1822A0612DD}.Debug|x86.Build.0 = Debug|Win32
		{D814F44D-ECB1-478F-916E-F1822A0612DD}.Release|x64.ActiveCfg = Release|x64
		{D814F44D-ECB1-478F-916E-F1822A0612DD}.Release|x64.Build.0 = Release|x64
		{D814F44D-ECB1-478F-916E-F1822A0612DD}.Release|x86.ActiveCfg = Release|Win32
		{D814F44D-ECB1-478F-916E-F1822A0612DD}.Release|x86.Build.0 = Release|Win32
	EndGlobalSection
	GlobalSection(SolutionProperties) = preSolution
		HideSolutionNode = FALSE
	EndGlobalSection
	GlobalSection(ExtensibilityGlobals) = postSolution
		SolutionGuid = {9492AA6F-5EAC-4A2C-86AA-C551543A4E4C}
	EndGlobalSection
EndGlobal
