
Microsoft Visual Studio Solution File, Format Version 12.00
# Visual Studio Version 17
VisualStudioVersion = 17.3.32901.215
MinimumVisualStudioVersion = 10.0.40219.1
Project("{8BC9CEB8-8B4A-11D0-8D11-00A0C91BC942}") = "7", "7.vcxproj", "{A258B70D-5C38-454E-A175-A28435BC9894}"
EndProject
Project("{2150E333-8FDC-42A3-9474-1A3956D46DE8}") = "Элементы решения", "Элементы решения", "{31B53C58-C9A3-4939-B7D0-5194DFD46B37}"
	ProjectSection(SolutionItems) = preProject
		input.txt = input.txt
		output.txt = output.txt
	EndProjectSection
EndProject
Global
	GlobalSection(SolutionConfigurationPlatforms) = preSolution
		Debug|x64 = Debug|x64
		Debug|x86 = Debug|x86
		Release|x64 = Release|x64
		Release|x86 = Release|x86
	EndGlobalSection
	GlobalSection(ProjectConfigurationPlatforms) = postSolution
		{A258B70D-5C38-454E-A175-A28435BC9894}.Debug|x64.ActiveCfg = Debug|x64
		{A258B70D-5C38-454E-A175-A28435BC9894}.Debug|x64.Build.0 = Debug|x64
		{A258B70D-5C38-454E-A175-A28435BC9894}.Debug|x86.ActiveCfg = Debug|Win32
		{A258B70D-5C38-454E-A175-A28435BC9894}.Debug|x86.Build.0 = Debug|Win32
		{A258B70D-5C38-454E-A175-A28435BC9894}.Release|x64.ActiveCfg = Release|x64
		{A258B70D-5C38-454E-A175-A28435BC9894}.Release|x64.Build.0 = Release|x64
		{A258B70D-5C38-454E-A175-A28435BC9894}.Release|x86.ActiveCfg = Release|Win32
		{A258B70D-5C38-454E-A175-A28435BC9894}.Release|x86.Build.0 = Release|Win32
	EndGlobalSection
	GlobalSection(SolutionProperties) = preSolution
		HideSolutionNode = FALSE
	EndGlobalSection
	GlobalSection(ExtensibilityGlobals) = postSolution
		SolutionGuid = {59D6B4E1-F2D3-450F-B37C-314206599872}
	EndGlobalSection
EndGlobal
