
Microsoft Visual Studio Solution File, Format Version 12.00
# Visual Studio Version 17
VisualStudioVersion = 17.3.32901.215
MinimumVisualStudioVersion = 10.0.40219.1
Project("{8BC9CEB8-8B4A-11D0-8D11-00A0C91BC942}") = "10", "10.vcxproj", "{97B0C8FA-D7E9-4F64-A213-425305960C85}"
EndProject
Project("{2150E333-8FDC-42A3-9474-1A3956D46DE8}") = "Элементы решения", "Элементы решения", "{2A1B645A-7FDA-49E7-B3C0-A0191A1AA508}"
	ProjectSection(SolutionItems) = preProject
		input.txt = input.txt
		output.txt = output.txt
	EndProjectSection
EndProject
Global
	GlobalSection(SolutionConfigurationPlatforms) = preSolution
		Debug|x64 = Debug|x64
		Debug|x86 = Debug|x86
		Release|x64 = Release|x64
		Release|x86 = Release|x86
	EndGlobalSection
	GlobalSection(ProjectConfigurationPlatforms) = postSolution
		{97B0C8FA-D7E9-4F64-A213-425305960C85}.Debug|x64.ActiveCfg = Debug|x64
		{97B0C8FA-D7E9-4F64-A213-425305960C85}.Debug|x64.Build.0 = Debug|x64
		{97B0C8FA-D7E9-4F64-A213-425305960C85}.Debug|x86.ActiveCfg = Debug|Win32
		{97B0C8FA-D7E9-4F64-A213-425305960C85}.Debug|x86.Build.0 = Debug|Win32
		{97B0C8FA-D7E9-4F64-A213-425305960C85}.Release|x64.ActiveCfg = Release|x64
		{97B0C8FA-D7E9-4F64-A213-425305960C85}.Release|x64.Build.0 = Release|x64
		{97B0C8FA-D7E9-4F64-A213-425305960C85}.Release|x86.ActiveCfg = Release|Win32
		{97B0C8FA-D7E9-4F64-A213-425305960C85}.Release|x86.Build.0 = Release|Win32
	EndGlobalSection
	GlobalSection(SolutionProperties) = preSolution
		HideSolutionNode = FALSE
	EndGlobalSection
	GlobalSection(ExtensibilityGlobals) = postSolution
		SolutionGuid = {EC677069-CAC2-419C-A02F-42D177EAAD79}
	EndGlobalSection
EndGlobal
